{
  "name": "context-continuity",
  "version": "0.1.0+codex.20260829002925",
  "lockfileVersion": 3,
  "requires": true,
  "packages": {
    "": {
      "name": "context-continuity",
      "version": "0.1.0+codex.20260829002925",
      "license": "Apache-2.0",
      "engines": {
        "node": ">=20"
      }
    }
  }
}
